// !$*UTF8*$!
{
	archiveVersion = 1;
	classes = {
	};
	objectVersion = 51;
	objects = {

/* Begin PBXBuildFile section */
		A21A666B232234E900DF20C4 /* NSString+YKString.m in Sources */ = {isa = PBXBuildFile; fileRef = A21A666A232234E900DF20C4 /* NSString+YKString.m */; };
		A21A666E2322366400DF20C4 /* NSArray+YKArray.m in Sources */ = {isa = PBXBuildFile; fileRef = A21A666D2322366400DF20C4 /* NSArray+YKArray.m */; };
		A21A66712322396600DF20C4 /* NSDictionary+YKDictionary.m in Sources */ = {isa = PBXBuildFile; fileRef = A21A66702322396600DF20C4 /* NSDictionary+YKDictionary.m */; };
		A21A66742322423500DF20C4 /* UIView+YKLine.m in Sources */ = {isa = PBXBuildFile; fileRef = A21A66732322423500DF20C4 /* UIView+YKLine.m */; };
		A229116223209CC800DA83DE /* YKLog.m in Sources */ = {isa = PBXBuildFile; fileRef = A229116123209CC800DA83DE /* YKLog.m */; };
		A22911652320A86200DA83DE /* NSDate+YKDate.m in Sources */ = {isa = PBXBuildFile; fileRef = A22911642320A86200DA83DE /* NSDate+YKDate.m */; };
		A22911682320AC5500DA83DE /* UIView+YKView.m in Sources */ = {isa = PBXBuildFile; fileRef = A22911672320AC5500DA83DE /* UIView+YKView.m */; };
		A229116B2320AD0800DA83DE /* NSTimer+YKTimer.m in Sources */ = {isa = PBXBuildFile; fileRef = A229116A2320AD0800DA83DE /* NSTimer+YKTimer.m */; };
		A26A71E62317AD44006A6A5B /* AppDelegate.m in Sources */ = {isa = PBXBuildFile; fileRef = A26A71E52317AD44006A6A5B /* AppDelegate.m */; };
		A26A71E92317AD44006A6A5B /* ViewController.m in Sources */ = {isa = PBXBuildFile; fileRef = A26A71E82317AD44006A6A5B /* ViewController.m */; };
		A26A71EC2317AD44006A6A5B /* Main.storyboard in Resources */ = {isa = PBXBuildFile; fileRef = A26A71EA2317AD44006A6A5B /* Main.storyboard */; };
		A26A71EE2317AD44006A6A5B /* Assets.xcassets in Resources */ = {isa = PBXBuildFile; fileRef = A26A71ED2317AD44006A6A5B /* Assets.xcassets */; };
		A26A71F12317AD44006A6A5B /* LaunchScreen.storyboard in Resources */ = {isa = PBXBuildFile; fileRef = A26A71EF2317AD44006A6A5B /* LaunchScreen.storyboard */; };
		A26A71F42317AD44006A6A5B /* main.m in Sources */ = {isa = PBXBuildFile; fileRef = A26A71F32317AD44006A6A5B /* main.m */; };
		A26A71FE2317ADA6006A6A5B /* UIImage+YKImage.m in Sources */ = {isa = PBXBuildFile; fileRef = A26A71FD2317ADA6006A6A5B /* UIImage+YKImage.m */; };
		C200AACC1AE32C7E672D45AD /* Pods_YKCategeory.framework in Frameworks */ = {isa = PBXBuildFile; fileRef = A7FF82F80D334502E4AF8386 /* Pods_YKCategeory.framework */; };
/* End PBXBuildFile section */

/* Begin PBXFileReference section */
		937934EDD03A55921B9688DC /* Pods-YKCategeory.release.xcconfig */ = {isa = PBXFileReference; includeInIndex = 1; lastKnownFileType = text.xcconfig; name = "Pods-YKCategeory.release.xcconfig"; path = "Target Support Files/Pods-YKCategeory/Pods-YKCategeory.release.xcconfig"; sourceTree = "<group>"; };
		A21A6669232234E900DF20C4 /* NSString+YKString.h */ = {isa = PBXFileReference; lastKnownFileType = sourcecode.c.h; path = "NSString+YKString.h"; sourceTree = "<group>"; };
		A21A666A232234E900DF20C4 /* NSString+YKString.m */ = {isa = PBXFileReference; lastKnownFileType = sourcecode.c.objc; path = "NSString+YKString.m"; sourceTree = "<group>"; };
		A21A666C2322366400DF20C4 /* NSArray+YKArray.h */ = {isa = PBXFileReference; lastKnownFileType = sourcecode.c.h; path = "NSArray+YKArray.h"; sourceTree = "<group>"; };
		A21A666D2322366400DF20C4 /* NSArray+YKArray.m */ = {isa = PBXFileReference; lastKnownFileType = sourcecode.c.objc; path = "NSArray+YKArray.m"; sourceTree = "<group>"; };
		A21A666F2322396600DF20C4 /* NSDictionary+YKDictionary.h */ = {isa = PBXFileReference; lastKnownFileType = sourcecode.c.h; path = "NSDictionary+YKDictionary.h"; sourceTree = "<group>"; };
		A21A66702322396600DF20C4 /* NSDictionary+YKDictionary.m */ = {isa = PBXFileReference; lastKnownFileType = sourcecode.c.objc; path = "NSDictionary+YKDictionary.m"; sourceTree = "<group>"; };
		A21A66722322423500DF20C4 /* UIView+YKLine.h */ = {isa = PBXFileReference; lastKnownFileType = sourcecode.c.h; path = "UIView+YKLine.h"; sourceTree = "<group>"; };
		A21A66732322423500DF20C4 /* UIView+YKLine.m */ = {isa = PBXFileReference; lastKnownFileType = sourcecode.c.objc; path = "UIView+YKLine.m"; sourceTree = "<group>"; };
		A229116123209CC800DA83DE /* YKLog.m */ = {isa = PBXFileReference; fileEncoding = 4; lastKnownFileType = sourcecode.c.objc; path = YKLog.m; sourceTree = "<group>"; };
		A22911632320A86200DA83DE /* NSDate+YKDate.h */ = {isa = PBXFileReference; lastKnownFileType = sourcecode.c.h; path = "NSDate+YKDate.h"; sourceTree = "<group>"; };
		A22911642320A86200DA83DE /* NSDate+YKDate.m */ = {isa = PBXFileReference; lastKnownFileType = sourcecode.c.objc; path = "NSDate+YKDate.m"; sourceTree = "<group>"; };
		A22911662320AC5500DA83DE /* UIView+YKView.h */ = {isa = PBXFileReference; lastKnownFileType = sourcecode.c.h; path = "UIView+YKView.h"; sourceTree = "<group>"; };
		A22911672320AC5500DA83DE /* UIView+YKView.m */ = {isa = PBXFileReference; lastKnownFileType = sourcecode.c.objc; path = "UIView+YKView.m"; sourceTree = "<group>"; };
		A22911692320AD0800DA83DE /* NSTimer+YKTimer.h */ = {isa = PBXFileReference; lastKnownFileType = sourcecode.c.h; path = "NSTimer+YKTimer.h"; sourceTree = "<group>"; };
		A229116A2320AD0800DA83DE /* NSTimer+YKTimer.m */ = {isa = PBXFileReference; lastKnownFileType = sourcecode.c.objc; path = "NSTimer+YKTimer.m"; sourceTree = "<group>"; };
		A26A71E12317AD44006A6A5B /* YKCategeory.app */ = {isa = PBXFileReference; explicitFileType = wrapper.application; includeInIndex = 0; path = YKCategeory.app; sourceTree = BUILT_PRODUCTS_DIR; };
		A26A71E42317AD44006A6A5B /* AppDelegate.h */ = {isa = PBXFileReference; lastKnownFileType = sourcecode.c.h; path = AppDelegate.h; sourceTree = "<group>"; };
		A26A71E52317AD44006A6A5B /* AppDelegate.m */ = {isa = PBXFileReference; lastKnownFileType = sourcecode.c.objc; path = AppDelegate.m; sourceTree = "<group>"; };
		A26A71E72317AD44006A6A5B /* ViewController.h */ = {isa = PBXFileReference; lastKnownFileType = sourcecode.c.h; path = ViewController.h; sourceTree = "<group>"; };
		A26A71E82317AD44006A6A5B /* ViewController.m */ = {isa = PBXFileReference; lastKnownFileType = sourcecode.c.objc; path = ViewController.m; sourceTree = "<group>"; };
		A26A71EB2317AD44006A6A5B /* Base */ = {isa = PBXFileReference; lastKnownFileType = file.storyboard; name = Base; path = Base.lproj/Main.storyboard; sourceTree = "<group>"; };
		A26A71ED2317AD44006A6A5B /* Assets.xcassets */ = {isa = PBXFileReference; lastKnownFileType = folder.assetcatalog; path = Assets.xcassets; sourceTree = "<group>"; };
		A26A71F02317AD44006A6A5B /* Base */ = {isa = PBXFileReference; lastKnownFileType = file.storyboard; name = Base; path = Base.lproj/LaunchScreen.storyboard; sourceTree = "<group>"; };
		A26A71F22317AD44006A6A5B /* Info.plist */ = {isa = PBXFileReference; lastKnownFileType = text.plist.xml; path = Info.plist; sourceTree = "<group>"; };
		A26A71F32317AD44006A6A5B /* main.m */ = {isa = PBXFileReference; lastKnownFileType = sourcecode.c.objc; path = main.m; sourceTree = "<group>"; };
		A26A71FB2317AD86006A6A5B /* YKCategeory.h */ = {isa = PBXFileReference; lastKnownFileType = sourcecode.c.h; path = YKCategeory.h; sourceTree = "<group>"; };
		A26A71FC2317ADA6006A6A5B /* UIImage+YKImage.h */ = {isa = PBXFileReference; lastKnownFileType = sourcecode.c.h; path = "UIImage+YKImage.h"; sourceTree = "<group>"; };
		A26A71FD2317ADA6006A6A5B /* UIImage+YKImage.m */ = {isa = PBXFileReference; lastKnownFileType = sourcecode.c.objc; path = "UIImage+YKImage.m"; sourceTree = "<group>"; };
		A7FF82F80D334502E4AF8386 /* Pods_YKCategeory.framework */ = {isa = PBXFileReference; explicitFileType = wrapper.framework; includeInIndex = 0; path = Pods_YKCategeory.framework; sourceTree = BUILT_PRODUCTS_DIR; };
		F1FBD38684ADE862807EBD3F /* Pods-YKCategeory.debug.xcconfig */ = {isa = PBXFileReference; includeInIndex = 1; lastKnownFileType = text.xcconfig; name = "Pods-YKCategeory.debug.xcconfig"; path = "Target Support Files/Pods-YKCategeory/Pods-YKCategeory.debug.xcconfig"; sourceTree = "<group>"; };
/* End PBXFileReference section */

/* Begin PBXFrameworksBuildPhase section */
		A26A71DE2317AD44006A6A5B /* Frameworks */ = {
			isa = PBXFrameworksBuildPhase;
			buildActionMask = 2147483647;
			files = (
				C200AACC1AE32C7E672D45AD /* Pods_YKCategeory.framework in Frameworks */,
			);
			runOnlyForDeploymentPostprocessing = 0;
		};
/* End PBXFrameworksBuildPhase section */

/* Begin PBXGroup section */
		009833571DACBB9435126717 /* Frameworks */ = {
			isa = PBXGroup;
			children = (
				A7FF82F80D334502E4AF8386 /* Pods_YKCategeory.framework */,
			);
			name = Frameworks;
			sourceTree = "<group>";
		};
		678CC78FE6DED876886A2BF6 /* Pods */ = {
			isa = PBXGroup;
			children = (
				F1FBD38684ADE862807EBD3F /* Pods-YKCategeory.debug.xcconfig */,
				937934EDD03A55921B9688DC /* Pods-YKCategeory.release.xcconfig */,
			);
			path = Pods;
			sourceTree = "<group>";
		};
		A26A71D82317AD44006A6A5B = {
			isa = PBXGroup;
			children = (
				A26A71E32317AD44006A6A5B /* YKCategeory */,
				A26A71E22317AD44006A6A5B /* Products */,
				678CC78FE6DED876886A2BF6 /* Pods */,
				009833571DACBB9435126717 /* Frameworks */,
			);
			sourceTree = "<group>";
		};
		A26A71E22317AD44006A6A5B /* Products */ = {
			isa = PBXGroup;
			children = (
				A26A71E12317AD44006A6A5B /* YKCategeory.app */,
			);
			name = Products;
			sourceTree = "<group>";
		};
		A26A71E32317AD44006A6A5B /* YKCategeory */ = {
			isa = PBXGroup;
			children = (
				A26A71FA2317AD70006A6A5B /* YKCategeory */,
				A26A71E42317AD44006A6A5B /* AppDelegate.h */,
				A26A71E52317AD44006A6A5B /* AppDelegate.m */,
				A26A71E72317AD44006A6A5B /* ViewController.h */,
				A26A71E82317AD44006A6A5B /* ViewController.m */,
				A26A71EA2317AD44006A6A5B /* Main.storyboard */,
				A26A71ED2317AD44006A6A5B /* Assets.xcassets */,
				A26A71EF2317AD44006A6A5B /* LaunchScreen.storyboard */,
				A26A71F22317AD44006A6A5B /* Info.plist */,
				A26A71F32317AD44006A6A5B /* main.m */,
			);
			path = YKCategeory;
			sourceTree = "<group>";
		};
		A26A71FA2317AD70006A6A5B /* YKCategeory */ = {
			isa = PBXGroup;
			children = (
				A26A71FB2317AD86006A6A5B /* YKCategeory.h */,
				A21A6669232234E900DF20C4 /* NSString+YKString.h */,
				A21A666A232234E900DF20C4 /* NSString+YKString.m */,
				A21A666C2322366400DF20C4 /* NSArray+YKArray.h */,
				A21A666D2322366400DF20C4 /* NSArray+YKArray.m */,
				A21A666F2322396600DF20C4 /* NSDictionary+YKDictionary.h */,
				A21A66702322396600DF20C4 /* NSDictionary+YKDictionary.m */,
				A26A71FC2317ADA6006A6A5B /* UIImage+YKImage.h */,
				A26A71FD2317ADA6006A6A5B /* UIImage+YKImage.m */,
				A22911632320A86200DA83DE /* NSDate+YKDate.h */,
				A22911642320A86200DA83DE /* NSDate+YKDate.m */,
				A22911662320AC5500DA83DE /* UIView+YKView.h */,
				A22911672320AC5500DA83DE /* UIView+YKView.m */,
				A21A66722322423500DF20C4 /* UIView+YKLine.h */,
				A21A66732322423500DF20C4 /* UIView+YKLine.m */,
				A22911692320AD0800DA83DE /* NSTimer+YKTimer.h */,
				A229116A2320AD0800DA83DE /* NSTimer+YKTimer.m */,
				A229116123209CC800DA83DE /* YKLog.m */,
			);
			path = YKCategeory;
			sourceTree = "<group>";
		};
/* End PBXGroup section */

/* Begin PBXNativeTarget section */
		A26A71E02317AD44006A6A5B /* YKCategeory */ = {
			isa = PBXNativeTarget;
			buildConfigurationList = A26A71F72317AD44006A6A5B /* Build configuration list for PBXNativeTarget "YKCategeory" */;
			buildPhases = (
				B673D2179A4641E12E6184FB /* [CP] Check Pods Manifest.lock */,
				A26A71DD2317AD44006A6A5B /* Sources */,
				A26A71DE2317AD44006A6A5B /* Frameworks */,
				A26A71DF2317AD44006A6A5B /* Resources */,
				F31FCF70D0B1A188E95D22C0 /* [CP] Embed Pods Frameworks */,
			);
			buildRules = (
			);
			dependencies = (
			);
			name = YKCategeory;
			productName = YKCategeory;
			productReference = A26A71E12317AD44006A6A5B /* YKCategeory.app */;
			productType = "com.apple.product-type.application";
		};
/* End PBXNativeTarget section */

/* Begin PBXProject section */
		A26A71D92317AD44006A6A5B /* Project object */ = {
			isa = PBXProject;
			attributes = {
				CLASSPREFIX = YK;
				LastUpgradeCheck = 1020;
				ORGANIZATIONNAME = houyukun;
				TargetAttributes = {
					A26A71E02317AD44006A6A5B = {
						CreatedOnToolsVersion = 10.2.1;
					};
				};
			};
			buildConfigurationList = A26A71DC2317AD44006A6A5B /* Build configuration list for PBXProject "YKCategeory" */;
			compatibilityVersion = "Xcode 9.3";
			developmentRegion = en;
			hasScannedForEncodings = 0;
			knownRegions = (
				en,
				Base,
			);
			mainGroup = A26A71D82317AD44006A6A5B;
			productRefGroup = A26A71E22317AD44006A6A5B /* Products */;
			projectDirPath = "";
			projectRoot = "";
			targets = (
				A26A71E02317AD44006A6A5B /* YKCategeory */,
			);
		};
/* End PBXProject section */

/* Begin PBXResourcesBuildPhase section */
		A26A71DF2317AD44006A6A5B /* Resources */ = {
			isa = PBXResourcesBuildPhase;
			buildActionMask = 2147483647;
			files = (
				A26A71F12317AD44006A6A5B /* LaunchScreen.storyboard in Resources */,
				A26A71EE2317AD44006A6A5B /* Assets.xcassets in Resources */,
				A26A71EC2317AD44006A6A5B /* Main.storyboard in Resources */,
			);
			runOnlyForDeploymentPostprocessing = 0;
		};
/* End PBXResourcesBuildPhase section */

/* Begin PBXShellScriptBuildPhase section */
		B673D2179A4641E12E6184FB /* [CP] Check Pods Manifest.lock */ = {
			isa = PBXShellScriptBuildPhase;
			buildActionMask = 2147483647;
			files = (
			);
			inputFileListPaths = (
			);
			inputPaths = (
				"${PODS_PODFILE_DIR_PATH}/Podfile.lock",
				"${PODS_ROOT}/Manifest.lock",
			);
			name = "[CP] Check Pods Manifest.lock";
			outputFileListPaths = (
			);
			outputPaths = (
				"$(DERIVED_FILE_DIR)/Pods-YKCategeory-checkManifestLockResult.txt",
			);
			runOnlyForDeploymentPostprocessing = 0;
			shellPath = /bin/sh;
			shellScript = "diff \"${PODS_PODFILE_DIR_PATH}/Podfile.lock\" \"${PODS_ROOT}/Manifest.lock\" > /dev/null\nif [ $? != 0 ] ; then\n    # print error to STDERR\n    echo \"error: The sandbox is not in sync with the Podfile.lock. Run 'pod install' or update your CocoaPods installation.\" >&2\n    exit 1\nfi\n# This output is used by Xcode 'outputs' to avoid re-running this script phase.\necho \"SUCCESS\" > \"${SCRIPT_OUTPUT_FILE_0}\"\n";
			showEnvVarsInLog = 0;
		};
		F31FCF70D0B1A188E95D22C0 /* [CP] Embed Pods Frameworks */ = {
			isa = PBXShellScriptBuildPhase;
			buildActionMask = 2147483647;
			files = (
			);
			inputFileListPaths = (
				"${PODS_ROOT}/Target Support Files/Pods-YKCategeory/Pods-YKCategeory-frameworks-${CONFIGURATION}-input-files.xcfilelist",
			);
			name = "[CP] Embed Pods Frameworks";
			outputFileListPaths = (
				"${PODS_ROOT}/Target Support Files/Pods-YKCategeory/Pods-YKCategeory-frameworks-${CONFIGURATION}-output-files.xcfilelist",
			);
			runOnlyForDeploymentPostprocessing = 0;
			shellPath = /bin/sh;
			shellScript = "\"${PODS_ROOT}/Target Support Files/Pods-YKCategeory/Pods-YKCategeory-frameworks.sh\"\n";
			showEnvVarsInLog = 0;
		};
/* End PBXShellScriptBuildPhase section */

/* Begin PBXSourcesBuildPhase section */
		A26A71DD2317AD44006A6A5B /* Sources */ = {
			isa = PBXSourcesBuildPhase;
			buildActionMask = 2147483647;
			files = (
				A22911682320AC5500DA83DE /* UIView+YKView.m in Sources */,
				A229116223209CC800DA83DE /* YKLog.m in Sources */,
				A21A66742322423500DF20C4 /* UIView+YKLine.m in Sources */,
				A21A666E2322366400DF20C4 /* NSArray+YKArray.m in Sources */,
				A26A71E92317AD44006A6A5B /* ViewController.m in Sources */,
				A26A71F42317AD44006A6A5B /* main.m in Sources */,
				A22911652320A86200DA83DE /* NSDate+YKDate.m in Sources */,
				A26A71E62317AD44006A6A5B /* AppDelegate.m in Sources */,
				A21A66712322396600DF20C4 /* NSDictionary+YKDictionary.m in Sources */,
				A229116B2320AD0800DA83DE /* NSTimer+YKTimer.m in Sources */,
				A26A71FE2317ADA6006A6A5B /* UIImage+YKImage.m in Sources */,
				A21A666B232234E900DF20C4 /* NSString+YKString.m in Sources */,
			);
			runOnlyForDeploymentPostprocessing = 0;
		};
/* End PBXSourcesBuildPhase section */

/* Begin PBXVariantGroup section */
		A26A71EA2317AD44006A6A5B /* Main.storyboard */ = {
			isa = PBXVariantGroup;
			children = (
				A26A71EB2317AD44006A6A5B /* Base */,
			);
			name = Main.storyboard;
			sourceTree = "<group>";
		};
		A26A71EF2317AD44006A6A5B /* LaunchScreen.storyboard */ = {
			isa = PBXVariantGroup;
			children = (
				A26A71F02317AD44006A6A5B /* Base */,
			);
			name = LaunchScreen.storyboard;
			sourceTree = "<group>";
		};
/* End PBXVariantGroup section */

/* Begin XCBuildConfiguration section */
		A26A71F52317AD44006A6A5B /* Debug */ = {
			isa = XCBuildConfiguration;
			buildSettings = {
				ALWAYS_SEARCH_USER_PATHS = NO;
				CLANG_ANALYZER_NONNULL = YES;
				CLANG_ANALYZER_NUMBER_OBJECT_CONVERSION = YES_AGGRESSIVE;
				CLANG_CXX_LANGUAGE_STANDARD = "gnu++14";
				CLANG_CXX_LIBRARY = "libc++";
				CLANG_ENABLE_MODULES = YES;
				CLANG_ENABLE_OBJC_ARC = YES;
				CLANG_ENABLE_OBJC_WEAK = YES;
				CLANG_WARN_BLOCK_CAPTURE_AUTORELEASING = YES;
				CLANG_WARN_BOOL_CONVERSION = YES;
				CLANG_WARN_COMMA = YES;
				CLANG_WARN_CONSTANT_CONVERSION = YES;
				CLANG_WARN_DEPRECATED_OBJC_IMPLEMENTATIONS = YES;
				CLANG_WARN_DIRECT_OBJC_ISA_USAGE = YES_ERROR;
				CLANG_WARN_DOCUMENTATION_COMMENTS = YES;
				CLANG_WARN_EMPTY_BODY = YES;
				CLANG_WARN_ENUM_CONVERSION = YES;
				CLANG_WARN_INFINITE_RECURSION = YES;
				CLANG_WARN_INT_CONVERSION = YES;
				CLANG_WARN_NON_LITERAL_NULL_CONVERSION = YES;
				CLANG_WARN_OBJC_IMPLICIT_RETAIN_SELF = YES;
				CLANG_WARN_OBJC_LITERAL_CONVERSION = YES;
				CLANG_WARN_OBJC_ROOT_CLASS = YES_ERROR;
				CLANG_WARN_RANGE_LOOP_ANALYSIS = YES;
				CLANG_WARN_STRICT_PROTOTYPES = YES;
				CLANG_WARN_SUSPICIOUS_MOVE = YES;
				CLANG_WARN_UNGUARDED_AVAILABILITY = YES_AGGRESSIVE;
				CLANG_WARN_UNREACHABLE_CODE = YES;
				CLANG_WARN__DUPLICATE_METHOD_MATCH = YES;
				CODE_SIGN_IDENTITY = "iPhone Developer";
				COPY_PHASE_STRIP = NO;
				DEBUG_INFORMATION_FORMAT = dwarf;
				ENABLE_STRICT_OBJC_MSGSEND = YES;
				ENABLE_TESTABILITY = YES;
				GCC_C_LANGUAGE_STANDARD = gnu11;
				GCC_DYNAMIC_NO_PIC = NO;
				GCC_NO_COMMON_BLOCKS = YES;
				GCC_OPTIMIZATION_LEVEL = 0;
				GCC_PREPROCESSOR_DEFINITIONS = (
					"DEBUG=1",
					"$(inherited)",
				);
				GCC_WARN_64_TO_32_BIT_CONVERSION = YES;
				GCC_WARN_ABOUT_RETURN_TYPE = YES_ERROR;
				GCC_WARN_UNDECLARED_SELECTOR = YES;
				GCC_WARN_UNINITIALIZED_AUTOS = YES_AGGRESSIVE;
				GCC_WARN_UNUSED_FUNCTION = YES;
				GCC_WARN_UNUSED_VARIABLE = YES;
				IPHONEOS_DEPLOYMENT_TARGET = 12.2;
				MTL_ENABLE_DEBUG_INFO = INCLUDE_SOURCE;
				MTL_FAST_MATH = YES;
				ONLY_ACTIVE_ARCH = YES;
				SDKROOT = iphoneos;
			};
			name = Debug;
		};
		A26A71F62317AD44006A6A5B /* Release */ = {
			isa = XCBuildConfiguration;
			buildSettings = {
				ALWAYS_SEARCH_USER_PATHS = NO;
				CLANG_ANALYZER_NONNULL = YES;
				CLANG_ANALYZER_NUMBER_OBJECT_CONVERSION = YES_AGGRESSIVE;
				CLANG_CXX_LANGUAGE_STANDARD = "gnu++14";
				CLANG_CXX_LIBRARY = "libc++";
				CLANG_ENABLE_MODULES = YES;
				CLANG_ENABLE_OBJC_ARC = YES;
				CLANG_ENABLE_OBJC_WEAK = YES;
				CLANG_WARN_BLOCK_CAPTURE_AUTORELEASING = YES;
				CLANG_WARN_BOOL_CONVERSION = YES;
				CLANG_WARN_COMMA = YES;
				CLANG_WARN_CONSTANT_CONVERSION = YES;
				CLANG_WARN_DEPRECATED_OBJC_IMPLEMENTATIONS = YES;
				CLANG_WARN_DIRECT_OBJC_ISA_USAGE = YES_ERROR;
				CLANG_WARN_DOCUMENTATION_COMMENTS = YES;
				CLANG_WARN_EMPTY_BODY = YES;
				CLANG_WARN_ENUM_CONVERSION = YES;
				CLANG_WARN_INFINITE_RECURSION = YES;
				CLANG_WARN_INT_CONVERSION = YES;
				CLANG_WARN_NON_LITERAL_NULL_CONVERSION = YES;
				CLANG_WARN_OBJC_IMPLICIT_RETAIN_SELF = YES;
				CLANG_WARN_OBJC_LITERAL_CONVERSION = YES;
				CLANG_WARN_OBJC_ROOT_CLASS = YES_ERROR;
				CLANG_WARN_RANGE_LOOP_ANALYSIS = YES;
				CLANG_WARN_STRICT_PROTOTYPES = YES;
				CLANG_WARN_SUSPICIOUS_MOVE = YES;
				CLANG_WARN_UNGUARDED_AVAILABILITY = YES_AGGRESSIVE;
				CLANG_WARN_UNREACHABLE_CODE = YES;
				CLANG_WARN__DUPLICATE_METHOD_MATCH = YES;
				CODE_SIGN_IDENTITY = "iPhone Developer";
				COPY_PHASE_STRIP = NO;
				DEBUG_INFORMATION_FORMAT = "dwarf-with-dsym";
				ENABLE_NS_ASSERTIONS = NO;
				ENABLE_STRICT_OBJC_MSGSEND = YES;
				GCC_C_LANGUAGE_STANDARD = gnu11;
				GCC_NO_COMMON_BLOCKS = YES;
				GCC_WARN_64_TO_32_BIT_CONVERSION = YES;
				GCC_WARN_ABOUT_RETURN_TYPE = YES_ERROR;
				GCC_WARN_UNDECLARED_SELECTOR = YES;
				GCC_WARN_UNINITIALIZED_AUTOS = YES_AGGRESSIVE;
				GCC_WARN_UNUSED_FUNCTION = YES;
				GCC_WARN_UNUSED_VARIABLE = YES;
				IPHONEOS_DEPLOYMENT_TARGET = 12.2;
				MTL_ENABLE_DEBUG_INFO = NO;
				MTL_FAST_MATH = YES;
				SDKROOT = iphoneos;
				VALIDATE_PRODUCT = YES;
			};
			name = Release;
		};
		A26A71F82317AD44006A6A5B /* Debug */ = {
			isa = XCBuildConfiguration;
			baseConfigurationReference = F1FBD38684ADE862807EBD3F /* Pods-YKCategeory.debug.xcconfig */;
			buildSettings = {
				ASSETCATALOG_COMPILER_APPICON_NAME = AppIcon;
				CODE_SIGN_STYLE = Manual;
				DEVELOPMENT_TEAM = J89744QE5F;
				INFOPLIST_FILE = YKCategeory/Info.plist;
				LD_RUNPATH_SEARCH_PATHS = (
					"$(inherited)",
					"@executable_path/Frameworks",
				);
				PRODUCT_BUNDLE_IDENTIFIER = com.houyukun.YKCategeory;
				PRODUCT_NAME = "$(TARGET_NAME)";
				PROVISIONING_PROFILE_SPECIFIER = develope_all_0515;
				TARGETED_DEVICE_FAMILY = "1,2";
			};
			name = Debug;
		};
		A26A71F92317AD44006A6A5B /* Release */ = {
			isa = XCBuildConfiguration;
			baseConfigurationReference = 937934EDD03A55921B9688DC /* Pods-YKCategeory.release.xcconfig */;
			buildSettings = {
				ASSETCATALOG_COMPILER_APPICON_NAME = AppIcon;
				CODE_SIGN_STYLE = Manual;
				DEVELOPMENT_TEAM = J89744QE5F;
				INFOPLIST_FILE = YKCategeory/Info.plist;
				LD_RUNPATH_SEARCH_PATHS = (
					"$(inherited)",
					"@executable_path/Frameworks",
				);
				PRODUCT_BUNDLE_IDENTIFIER = com.houyukun.YKCategeory;
				PRODUCT_NAME = "$(TARGET_NAME)";
				PROVISIONING_PROFILE_SPECIFIER = develope_all_0515;
				TARGETED_DEVICE_FAMILY = "1,2";
			};
			name = Release;
		};
/* End XCBuildConfiguration section */

/* Begin XCConfigurationList section */
		A26A71DC2317AD44006A6A5B /* Build configuration list for PBXProject "YKCategeory" */ = {
			isa = XCConfigurationList;
			buildConfigurations = (
				A26A71F52317AD44006A6A5B /* Debug */,
				A26A71F62317AD44006A6A5B /* Release */,
			);
			defaultConfigurationIsVisible = 0;
			defaultConfigurationName = Release;
		};
		A26A71F72317AD44006A6A5B /* Build configuration list for PBXNativeTarget "YKCategeory" */ = {
			isa = XCConfigurationList;
			buildConfigurations = (
				A26A71F82317AD44006A6A5B /* Debug */,
				A26A71F92317AD44006A6A5B /* Release */,
			);
			defaultConfigurationIsVisible = 0;
			defaultConfigurationName = Release;
		};
/* End XCConfigurationList section */
	};
	rootObject = A26A71D92317AD44006A6A5B /* Project object */;
}
